
Microsoft Visual Studio Solution File, Format Version 12.00
# Visual Studio Version 17
VisualStudioVersion = 17.0.31903.59
MinimumVisualStudioVersion = 10.0.40219.1
Project("{FAE04EC0-301F-11D3-BF4B-00C04F79EFBC}") = "Array", "Array\Array.csproj", "{B673E000-045D-4E27-8315-1A36575E8FDE}"
EndProject
Project("{FAE04EC0-301F-11D3-BF4B-00C04F79EFBC}") = "List", "List\List.csproj", "{38C00DA3-201F-435F-8529-55ABA2AE4EC9}"
EndProject
Global
	GlobalSection(SolutionConfigurationPlatforms) = preSolution
		Debug|Any CPU = Debug|Any CPU
		Release|Any CPU = Release|Any CPU
	EndGlobalSection
	GlobalSection(ProjectConfigurationPlatforms) = postSolution
		{B673E000-045D-4E27-8315-1A36575E8FDE}.Debug|Any CPU.ActiveCfg = Debug|Any CPU
		{B673E000-045D-4E27-8315-1A36575E8FDE}.Debug|Any CPU.Build.0 = Debug|Any CPU
		{B673E000-045D-4E27-8315-1A36575E8FDE}.Release|Any CPU.ActiveCfg = Release|Any CPU
		{B673E000-045D-4E27-8315-1A36575E8FDE}.Release|Any CPU.Build.0 = Release|Any CPU
		{38C00DA3-201F-435F-8529-55ABA2AE4EC9}.Debug|Any CPU.ActiveCfg = Debug|Any CPU
		{38C00DA3-201F-435F-8529-55ABA2AE4EC9}.Debug|Any CPU.Build.0 = Debug|Any CPU
		{38C00DA3-201F-435F-8529-55ABA2AE4EC9}.Release|Any CPU.ActiveCfg = Release|Any CPU
		{38C00DA3-201F-435F-8529-55ABA2AE4EC9}.Release|Any CPU.Build.0 = Release|Any CPU
	EndGlobalSection
	GlobalSection(SolutionProperties) = preSolution
		HideSolutionNode = FALSE
	EndGlobalSection
EndGlobal
